
Microsoft Visual Studio Solution File, Format Version 12.00
# Visual Studio 2012
Project("{FAE04EC0-301F-11D3-BF4B-00C04F79EFBC}") = "GRM_APP", "GRM_APP\GRM_APP.csproj", "{F856887E-3DC4-495A-BA20-2EC5A38AA446}"
EndProject
Global
	GlobalSection(SolutionConfigurationPlatforms) = preSolution
		Debug|Any CPU = Debug|Any CPU
		Release|Any CPU = Release|Any CPU
	EndGlobalSection
	GlobalSection(ProjectConfigurationPlatforms) = postSolution
		{F856887E-3DC4-495A-BA20-2EC5A38AA446}.Debug|Any CPU.ActiveCfg = Debug|Any CPU
		{F856887E-3DC4-495A-BA20-2EC5A38AA446}.Debug|Any CPU.Build.0 = Debug|Any CPU
		{F856887E-3DC4-495A-BA20-2EC5A38AA446}.Release|Any CPU.ActiveCfg = Release|Any CPU
		{F856887E-3DC4-495A-BA20-2EC5A38AA446}.Release|Any CPU.Build.0 = Release|Any CPU
	EndGlobalSection
	GlobalSection(SolutionProperties) = preSolution
		HideSolutionNode = FALSE
	EndGlobalSection
EndGlobal
